
Microsoft Visual Studio Solution File, Format Version 12.00
# Visual Studio Version 17
VisualStudioVersion = 17.4.33122.133
MinimumVisualStudioVersion = 10.0.40219.1
Project("{D954291E-2A0B-460D-934E-DC6B0785DB48}") = "CommandShortcuts", "CommandShortcuts\CommandShortcuts.shproj", "{93A84E00-059D-46E3-BF0A-356D0FCD7D4B}"
EndProject
Project("{9A19103F-16F7-4668-BE54-9A1E7A4F7556}") = "OpenMod", "OpenMod\OpenMod.csproj", "{CEA1FE72-F108-4B33-8660-A3A0558798F0}"
EndProject
Project("{FAE04EC0-301F-11D3-BF4B-00C04F79EFBC}") = "RocketMod", "RocketMod\RocketMod.csproj", "{B162F903-5500-45C2-BE91-C5C1A3A5B282}"
EndProject
Project("{D954291E-2A0B-460D-934E-DC6B0785DB48}") = "UnturnedModules", "..\UnturnedModules\UnturnedModules\UnturnedModules.shproj", "{10FCE93F-481C-40AB-9E43-AC01A7749E6C}"
EndProject
Project("{D954291E-2A0B-460D-934E-DC6B0785DB48}") = "RocketModModules", "..\UnturnedModules\RocketModModules\RocketModModules.shproj", "{39C1AB64-E2E2-40F4-B406-24961D1370F1}"
EndProject
Project("{D954291E-2A0B-460D-934E-DC6B0785DB48}") = "OpenModModules", "..\UnturnedModules\OpenModModules\OpenModModules.shproj", "{89A7FDFF-AA17-42AD-8AFB-E67BE1E18A66}"
EndProject
Global
	GlobalSection(SolutionConfigurationPlatforms) = preSolution
		OpenMod|Any CPU = OpenMod|Any CPU
		RocketMod|Any CPU = RocketMod|Any CPU
	EndGlobalSection
	GlobalSection(ProjectConfigurationPlatforms) = postSolution
		{CEA1FE72-F108-4B33-8660-A3A0558798F0}.OpenMod|Any CPU.ActiveCfg = OpenMod|Any CPU
		{CEA1FE72-F108-4B33-8660-A3A0558798F0}.OpenMod|Any CPU.Build.0 = OpenMod|Any CPU
		{CEA1FE72-F108-4B33-8660-A3A0558798F0}.RocketMod|Any CPU.ActiveCfg = RocketMod|Any CPU
		{CEA1FE72-F108-4B33-8660-A3A0558798F0}.RocketMod|Any CPU.Build.0 = RocketMod|Any CPU
		{B162F903-5500-45C2-BE91-C5C1A3A5B282}.OpenMod|Any CPU.ActiveCfg = OpenMod|Any CPU
		{B162F903-5500-45C2-BE91-C5C1A3A5B282}.OpenMod|Any CPU.Build.0 = OpenMod|Any CPU
		{B162F903-5500-45C2-BE91-C5C1A3A5B282}.RocketMod|Any CPU.ActiveCfg = RocketMod|Any CPU
		{B162F903-5500-45C2-BE91-C5C1A3A5B282}.RocketMod|Any CPU.Build.0 = RocketMod|Any CPU
	EndGlobalSection
	GlobalSection(SolutionProperties) = preSolution
		HideSolutionNode = FALSE
	EndGlobalSection
	GlobalSection(ExtensibilityGlobals) = postSolution
		SolutionGuid = {0FD06F7C-DB89-4471-915F-62345B3CF21A}
	EndGlobalSection
	GlobalSection(SharedMSBuildProjectFiles) = preSolution
		..\UnturnedModules\UnturnedModules\UnturnedModules.projitems*{10fce93f-481c-40ab-9e43-ac01a7749e6c}*SharedItemsImports = 13
		..\UnturnedModules\RocketModModules\RocketModModules.projitems*{39c1ab64-e2e2-40f4-b406-24961d1370f1}*SharedItemsImports = 13
		..\UnturnedModules\OpenModModules\OpenModModules.projitems*{89a7fdff-aa17-42ad-8afb-e67be1e18a66}*SharedItemsImports = 13
		CommandShortcuts\CommandShortcuts.projitems*{93a84e00-059d-46e3-bf0a-356d0fcd7d4b}*SharedItemsImports = 13
		CommandShortcuts\CommandShortcuts.projitems*{b162f903-5500-45c2-be91-c5c1a3a5b282}*SharedItemsImports = 4
		..\UnturnedModules\RocketModModules\RocketModModules.projitems*{b162f903-5500-45c2-be91-c5c1a3a5b282}*SharedItemsImports = 4
		..\UnturnedModules\UnturnedModules\UnturnedModules.projitems*{b162f903-5500-45c2-be91-c5c1a3a5b282}*SharedItemsImports = 4
		CommandShortcuts\CommandShortcuts.projitems*{cea1fe72-f108-4b33-8660-a3a0558798f0}*SharedItemsImports = 5
		..\UnturnedModules\OpenModModules\OpenModModules.projitems*{cea1fe72-f108-4b33-8660-a3a0558798f0}*SharedItemsImports = 5
		..\UnturnedModules\UnturnedModules\UnturnedModules.projitems*{cea1fe72-f108-4b33-8660-a3a0558798f0}*SharedItemsImports = 5
	EndGlobalSection
EndGlobal
